// !$*UTF8*$!
{
	archiveVersion = 1;
	classes = {
	};
	objectVersion = 46;
	objects = {

/* Begin PBXBuildFile section */
		C82E79D61F0BA314008CD7D8 /* main.m in Sources */ = {isa = PBXBuildFile; fileRef = C82E79D51F0BA314008CD7D8 /* main.m */; };
		C82E79D91F0BA314008CD7D8 /* AppDelegate.m in Sources */ = {isa = PBXBuildFile; fileRef = C82E79D81F0BA314008CD7D8 /* AppDelegate.m */; };
		C82E79DC1F0BA314008CD7D8 /* ViewController.mm in Sources */ = {isa = PBXBuildFile; fileRef = C82E79DB1F0BA314008CD7D8 /* ViewController.mm */; };
		C82E79DF1F0BA314008CD7D8 /* Main.storyboard in Resources */ = {isa = PBXBuildFile; fileRef = C82E79DD1F0BA314008CD7D8 /* Main.storyboard */; };
		C82E79E11F0BA314008CD7D8 /* Assets.xcassets in Resources */ = {isa = PBXBuildFile; fileRef = C82E79E01F0BA314008CD7D8 /* Assets.xcassets */; };
		C82E79E41F0BA314008CD7D8 /* LaunchScreen.storyboard in Resources */ = {isa = PBXBuildFile; fileRef = C82E79E21F0BA314008CD7D8 /* LaunchScreen.storyboard */; };
		C82E79FE1F0BA3BD008CD7D8 /* MeCloud.framework in Frameworks */ = {isa = PBXBuildFile; fileRef = C82E79F01F0BA372008CD7D8 /* MeCloud.framework */; };
		C82E79FF1F0BA3BD008CD7D8 /* MeCloud.framework in Embed Frameworks */ = {isa = PBXBuildFile; fileRef = C82E79F01F0BA372008CD7D8 /* MeCloud.framework */; settings = {ATTRIBUTES = (CodeSignOnCopy, RemoveHeadersOnCopy, ); }; };
		C82E7A3C1F0BA5F2008CD7D8 /* MobileCross.framework in Frameworks */ = {isa = PBXBuildFile; fileRef = C82E7A3B1F0BA5F2008CD7D8 /* MobileCross.framework */; };
		C82E7A3D1F0BA5F2008CD7D8 /* MobileCross.framework in Embed Frameworks */ = {isa = PBXBuildFile; fileRef = C82E7A3B1F0BA5F2008CD7D8 /* MobileCross.framework */; settings = {ATTRIBUTES = (CodeSignOnCopy, RemoveHeadersOnCopy, ); }; };
/* End PBXBuildFile section */

/* Begin PBXContainerItemProxy section */
		C82E79EF1F0BA372008CD7D8 /* PBXContainerItemProxy */ = {
			isa = PBXContainerItemProxy;
			containerPortal = C82E79EB1F0BA371008CD7D8 /* MeCloud.xcodeproj */;
			proxyType = 2;
			remoteGlobalIDString = C82E79BD1F0BA2A8008CD7D8;
			remoteInfo = MeCloud;
		};
		C82E7A001F0BA3BD008CD7D8 /* PBXContainerItemProxy */ = {
			isa = PBXContainerItemProxy;
			containerPortal = C82E79EB1F0BA371008CD7D8 /* MeCloud.xcodeproj */;
			proxyType = 1;
			remoteGlobalIDString = C82E79BC1F0BA2A8008CD7D8;
			remoteInfo = MeCloud;
		};
/* End PBXContainerItemProxy section */

/* Begin PBXCopyFilesBuildPhase section */
		C82E79FD1F0BA3B9008CD7D8 /* Embed Frameworks */ = {
			isa = PBXCopyFilesBuildPhase;
			buildActionMask = 2147483647;
			dstPath = "";
			dstSubfolderSpec = 10;
			files = (
				C82E79FF1F0BA3BD008CD7D8 /* MeCloud.framework in Embed Frameworks */,
				C82E7A3D1F0BA5F2008CD7D8 /* MobileCross.framework in Embed Frameworks */,
			);
			name = "Embed Frameworks";
			runOnlyForDeploymentPostprocessing = 0;
		};
/* End PBXCopyFilesBuildPhase section */

/* Begin PBXFileReference section */
		C82E79D11F0BA314008CD7D8 /* MeDemo.app */ = {isa = PBXFileReference; explicitFileType = wrapper.application; includeInIndex = 0; path = MeDemo.app; sourceTree = BUILT_PRODUCTS_DIR; };
		C82E79D51F0BA314008CD7D8 /* main.m */ = {isa = PBXFileReference; lastKnownFileType = sourcecode.c.objc; path = main.m; sourceTree = "<group>"; };
		C82E79D71F0BA314008CD7D8 /* AppDelegate.h */ = {isa = PBXFileReference; lastKnownFileType = sourcecode.c.h; path = AppDelegate.h; sourceTree = "<group>"; };
		C82E79D81F0BA314008CD7D8 /* AppDelegate.m */ = {isa = PBXFileReference; lastKnownFileType = sourcecode.c.objc; path = AppDelegate.m; sourceTree = "<group>"; };
		C82E79DA1F0BA314008CD7D8 /* ViewController.h */ = {isa = PBXFileReference; lastKnownFileType = sourcecode.c.h; path = ViewController.h; sourceTree = "<group>"; };
		C82E79DB1F0BA314008CD7D8 /* ViewController.mm */ = {isa = PBXFileReference; lastKnownFileType = sourcecode.cpp.objcpp; path = ViewController.mm; sourceTree = "<group>"; };
		C82E79DE1F0BA314008CD7D8 /* Base */ = {isa = PBXFileReference; lastKnownFileType = file.storyboard; name = Base; path = Base.lproj/Main.storyboard; sourceTree = "<group>"; };
		C82E79E01F0BA314008CD7D8 /* Assets.xcassets */ = {isa = PBXFileReference; lastKnownFileType = folder.assetcatalog; path = Assets.xcassets; sourceTree = "<group>"; };
		C82E79E31F0BA314008CD7D8 /* Base */ = {isa = PBXFileReference; lastKnownFileType = file.storyboard; name = Base; path = Base.lproj/LaunchScreen.storyboard; sourceTree = "<group>"; };
		C82E79E51F0BA314008CD7D8 /* Info.plist */ = {isa = PBXFileReference; lastKnownFileType = text.plist.xml; path = Info.plist; sourceTree = "<group>"; };
		C82E79EB1F0BA371008CD7D8 /* MeCloud.xcodeproj */ = {isa = PBXFileReference; lastKnownFileType = "wrapper.pb-project"; name = MeCloud.xcodeproj; path = ../../sdk/ios/MeCloud.xcodeproj; sourceTree = "<group>"; };
		C82E7A3B1F0BA5F2008CD7D8 /* MobileCross.framework */ = {isa = PBXFileReference; lastKnownFileType = wrapper.framework; path = MobileCross.framework; sourceTree = "<group>"; };
/* End PBXFileReference section */

/* Begin PBXFrameworksBuildPhase section */
		C82E79CE1F0BA314008CD7D8 /* Frameworks */ = {
			isa = PBXFrameworksBuildPhase;
			buildActionMask = 2147483647;
			files = (
				C82E79FE1F0BA3BD008CD7D8 /* MeCloud.framework in Frameworks */,
				C82E7A3C1F0BA5F2008CD7D8 /* MobileCross.framework in Frameworks */,
			);
			runOnlyForDeploymentPostprocessing = 0;
		};
/* End PBXFrameworksBuildPhase section */

/* Begin PBXGroup section */
		C82E79C81F0BA314008CD7D8 = {
			isa = PBXGroup;
			children = (
				C82E79EB1F0BA371008CD7D8 /* MeCloud.xcodeproj */,
				C82E79D31F0BA314008CD7D8 /* MeDemo */,
				C82E79D21F0BA314008CD7D8 /* Products */,
				C82E7A341F0BA47E008CD7D8 /* Frameworks */,
			);
			sourceTree = "<group>";
		};
		C82E79D21F0BA314008CD7D8 /* Products */ = {
			isa = PBXGroup;
			children = (
				C82E79D11F0BA314008CD7D8 /* MeDemo.app */,
			);
			name = Products;
			sourceTree = "<group>";
		};
		C82E79D31F0BA314008CD7D8 /* MeDemo */ = {
			isa = PBXGroup;
			children = (
				C82E79D71F0BA314008CD7D8 /* AppDelegate.h */,
				C82E79D81F0BA314008CD7D8 /* AppDelegate.m */,
				C82E79DA1F0BA314008CD7D8 /* ViewController.h */,
				C82E79DB1F0BA314008CD7D8 /* ViewController.mm */,
				C82E79DD1F0BA314008CD7D8 /* Main.storyboard */,
				C82E79E01F0BA314008CD7D8 /* Assets.xcassets */,
				C82E79E21F0BA314008CD7D8 /* LaunchScreen.storyboard */,
				C82E79E51F0BA314008CD7D8 /* Info.plist */,
				C82E79D41F0BA314008CD7D8 /* Supporting Files */,
			);
			path = MeDemo;
			sourceTree = "<group>";
		};
		C82E79D41F0BA314008CD7D8 /* Supporting Files */ = {
			isa = PBXGroup;
			children = (
				C82E79D51F0BA314008CD7D8 /* main.m */,
			);
			name = "Supporting Files";
			sourceTree = "<group>";
		};
		C82E79EC1F0BA371008CD7D8 /* Products */ = {
			isa = PBXGroup;
			children = (
				C82E79F01F0BA372008CD7D8 /* MeCloud.framework */,
			);
			name = Products;
			sourceTree = "<group>";
		};
		C82E7A341F0BA47E008CD7D8 /* Frameworks */ = {
			isa = PBXGroup;
			children = (
				C82E7A3B1F0BA5F2008CD7D8 /* MobileCross.framework */,
			);
			name = Frameworks;
			sourceTree = "<group>";
		};
/* End PBXGroup section */

/* Begin PBXNativeTarget section */
		C82E79D01F0BA314008CD7D8 /* MeDemo */ = {
			isa = PBXNativeTarget;
			buildConfigurationList = C82E79E81F0BA314008CD7D8 /* Build configuration list for PBXNativeTarget "MeDemo" */;
			buildPhases = (
				C82E79CD1F0BA314008CD7D8 /* Sources */,
				C82E79CE1F0BA314008CD7D8 /* Frameworks */,
				C82E79CF1F0BA314008CD7D8 /* Resources */,
				C82E79FD1F0BA3B9008CD7D8 /* Embed Frameworks */,
			);
			buildRules = (
			);
			dependencies = (
				C82E7A011F0BA3BD008CD7D8 /* PBXTargetDependency */,
			);
			name = MeDemo;
			productName = MeDemo;
			productReference = C82E79D11F0BA314008CD7D8 /* MeDemo.app */;
			productType = "com.apple.product-type.application";
		};
/* End PBXNativeTarget section */

/* Begin PBXProject section */
		C82E79C91F0BA314008CD7D8 /* Project object */ = {
			isa = PBXProject;
			attributes = {
				LastUpgradeCheck = 0800;
				ORGANIZATIONNAME = Rex;
				TargetAttributes = {
					C82E79D01F0BA314008CD7D8 = {
						CreatedOnToolsVersion = 8.0;
						DevelopmentTeam = TWA5QS8JFT;
						ProvisioningStyle = Automatic;
					};
				};
			};
			buildConfigurationList = C82E79CC1F0BA314008CD7D8 /* Build configuration list for PBXProject "MeDemo" */;
			compatibilityVersion = "Xcode 3.2";
			developmentRegion = English;
			hasScannedForEncodings = 0;
			knownRegions = (
				en,
				Base,
			);
			mainGroup = C82E79C81F0BA314008CD7D8;
			productRefGroup = C82E79D21F0BA314008CD7D8 /* Products */;
			projectDirPath = "";
			projectReferences = (
				{
					ProductGroup = C82E79EC1F0BA371008CD7D8 /* Products */;
					ProjectRef = C82E79EB1F0BA371008CD7D8 /* MeCloud.xcodeproj */;
				},
			);
			projectRoot = "";
			targets = (
				C82E79D01F0BA314008CD7D8 /* MeDemo */,
			);
		};
/* End PBXProject section */

/* Begin PBXReferenceProxy section */
		C82E79F01F0BA372008CD7D8 /* MeCloud.framework */ = {
			isa = PBXReferenceProxy;
			fileType = wrapper.framework;
			path = MeCloud.framework;
			remoteRef = C82E79EF1F0BA372008CD7D8 /* PBXContainerItemProxy */;
			sourceTree = BUILT_PRODUCTS_DIR;
		};
/* End PBXReferenceProxy section */

/* Begin PBXResourcesBuildPhase section */
		C82E79CF1F0BA314008CD7D8 /* Resources */ = {
			isa = PBXResourcesBuildPhase;
			buildActionMask = 2147483647;
			files = (
				C82E79E41F0BA314008CD7D8 /* LaunchScreen.storyboard in Resources */,
				C82E79E11F0BA314008CD7D8 /* Assets.xcassets in Resources */,
				C82E79DF1F0BA314008CD7D8 /* Main.storyboard in Resources */,
			);
			runOnlyForDeploymentPostprocessing = 0;
		};
/* End PBXResourcesBuildPhase section */

/* Begin PBXSourcesBuildPhase section */
		C82E79CD1F0BA314008CD7D8 /* Sources */ = {
			isa = PBXSourcesBuildPhase;
			buildActionMask = 2147483647;
			files = (
				C82E79DC1F0BA314008CD7D8 /* ViewController.mm in Sources */,
				C82E79D91F0BA314008CD7D8 /* AppDelegate.m in Sources */,
				C82E79D61F0BA314008CD7D8 /* main.m in Sources */,
			);
			runOnlyForDeploymentPostprocessing = 0;
		};
/* End PBXSourcesBuildPhase section */

/* Begin PBXTargetDependency section */
		C82E7A011F0BA3BD008CD7D8 /* PBXTargetDependency */ = {
			isa = PBXTargetDependency;
			name = MeCloud;
			targetProxy = C82E7A001F0BA3BD008CD7D8 /* PBXContainerItemProxy */;
		};
/* End PBXTargetDependency section */

/* Begin PBXVariantGroup section */
		C82E79DD1F0BA314008CD7D8 /* Main.storyboard */ = {
			isa = PBXVariantGroup;
			children = (
				C82E79DE1F0BA314008CD7D8 /* Base */,
			);
			name = Main.storyboard;
			sourceTree = "<group>";
		};
		C82E79E21F0BA314008CD7D8 /* LaunchScreen.storyboard */ = {
			isa = PBXVariantGroup;
			children = (
				C82E79E31F0BA314008CD7D8 /* Base */,
			);
			name = LaunchScreen.storyboard;
			sourceTree = "<group>";
		};
/* End PBXVariantGroup section */

/* Begin XCBuildConfiguration section */
		C82E79E61F0BA314008CD7D8 /* Debug */ = {
			isa = XCBuildConfiguration;
			buildSettings = {
				ALWAYS_SEARCH_USER_PATHS = NO;
				CLANG_ANALYZER_NONNULL = YES;
				CLANG_CXX_LANGUAGE_STANDARD = "gnu++0x";
				CLANG_CXX_LIBRARY = "libc++";
				CLANG_ENABLE_MODULES = YES;
				CLANG_ENABLE_OBJC_ARC = YES;
				CLANG_WARN_BOOL_CONVERSION = YES;
				CLANG_WARN_CONSTANT_CONVERSION = YES;
				CLANG_WARN_DIRECT_OBJC_ISA_USAGE = YES_ERROR;
				CLANG_WARN_DOCUMENTATION_COMMENTS = YES;
				CLANG_WARN_EMPTY_BODY = YES;
				CLANG_WARN_ENUM_CONVERSION = YES;
				CLANG_WARN_INFINITE_RECURSION = YES;
				CLANG_WARN_INT_CONVERSION = YES;
				CLANG_WARN_OBJC_ROOT_CLASS = YES_ERROR;
				CLANG_WARN_SUSPICIOUS_MOVES = YES;
				CLANG_WARN_UNREACHABLE_CODE = YES;
				CLANG_WARN__DUPLICATE_METHOD_MATCH = YES;
				"CODE_SIGN_IDENTITY[sdk=iphoneos*]" = "iPhone Developer";
				COPY_PHASE_STRIP = NO;
				DEBUG_INFORMATION_FORMAT = dwarf;
				ENABLE_STRICT_OBJC_MSGSEND = YES;
				ENABLE_TESTABILITY = YES;
				GCC_C_LANGUAGE_STANDARD = gnu99;
				GCC_DYNAMIC_NO_PIC = NO;
				GCC_NO_COMMON_BLOCKS = YES;
				GCC_OPTIMIZATION_LEVEL = 0;
				GCC_PREPROCESSOR_DEFINITIONS = (
					__IOS__,
					"DEBUG=1",
					"$(inherited)",
				);
				GCC_WARN_64_TO_32_BIT_CONVERSION = YES;
				GCC_WARN_ABOUT_RETURN_TYPE = YES_ERROR;
				GCC_WARN_UNDECLARED_SELECTOR = YES;
				GCC_WARN_UNINITIALIZED_AUTOS = YES_AGGRESSIVE;
				GCC_WARN_UNUSED_FUNCTION = YES;
				GCC_WARN_UNUSED_VARIABLE = YES;
				IPHONEOS_DEPLOYMENT_TARGET = 10.0;
				MTL_ENABLE_DEBUG_INFO = YES;
				ONLY_ACTIVE_ARCH = YES;
				SDKROOT = iphoneos;
			};
			name = Debug;
		};
		C82E79E71F0BA314008CD7D8 /* Release */ = {
			isa = XCBuildConfiguration;
			buildSettings = {
				ALWAYS_SEARCH_USER_PATHS = NO;
				CLANG_ANALYZER_NONNULL = YES;
				CLANG_CXX_LANGUAGE_STANDARD = "gnu++0x";
				CLANG_CXX_LIBRARY = "libc++";
				CLANG_ENABLE_MODULES = YES;
				CLANG_ENABLE_OBJC_ARC = YES;
				CLANG_WARN_BOOL_CONVERSION = YES;
				CLANG_WARN_CONSTANT_CONVERSION = YES;
				CLANG_WARN_DIRECT_OBJC_ISA_USAGE = YES_ERROR;
				CLANG_WARN_DOCUMENTATION_COMMENTS = YES;
				CLANG_WARN_EMPTY_BODY = YES;
				CLANG_WARN_ENUM_CONVERSION = YES;
				CLANG_WARN_INFINITE_RECURSION = YES;
				CLANG_WARN_INT_CONVERSION = YES;
				CLANG_WARN_OBJC_ROOT_CLASS = YES_ERROR;
				CLANG_WARN_SUSPICIOUS_MOVES = YES;
				CLANG_WARN_UNREACHABLE_CODE = YES;
				CLANG_WARN__DUPLICATE_METHOD_MATCH = YES;
				"CODE_SIGN_IDENTITY[sdk=iphoneos*]" = "iPhone Developer";
				COPY_PHASE_STRIP = NO;
				DEBUG_INFORMATION_FORMAT = "dwarf-with-dsym";
				ENABLE_NS_ASSERTIONS = NO;
				ENABLE_STRICT_OBJC_MSGSEND = YES;
				GCC_C_LANGUAGE_STANDARD = gnu99;
				GCC_NO_COMMON_BLOCKS = YES;
				GCC_PREPROCESSOR_DEFINITIONS = __IOS__;
				GCC_WARN_64_TO_32_BIT_CONVERSION = YES;
				GCC_WARN_ABOUT_RETURN_TYPE = YES_ERROR;
				GCC_WARN_UNDECLARED_SELECTOR = YES;
				GCC_WARN_UNINITIALIZED_AUTOS = YES_AGGRESSIVE;
				GCC_WARN_UNUSED_FUNCTION = YES;
				GCC_WARN_UNUSED_VARIABLE = YES;
				IPHONEOS_DEPLOYMENT_TARGET = 10.0;
				MTL_ENABLE_DEBUG_INFO = NO;
				SDKROOT = iphoneos;
				VALIDATE_PRODUCT = YES;
			};
			name = Release;
		};
		C82E79E91F0BA314008CD7D8 /* Debug */ = {
			isa = XCBuildConfiguration;
			buildSettings = {
				ASSETCATALOG_COMPILER_APPICON_NAME = AppIcon;
				DEVELOPMENT_TEAM = TWA5QS8JFT;
				FRAMEWORK_SEARCH_PATHS = (
					"$(inherited)",
					"$(PROJECT_DIR)",
				);
				HEADER_SEARCH_PATHS = (
					"$(PROJECT_DIR)/../../sdk/ios/output/MeCloud.framework/Headers",
					"$(PROJECT_DIR)/../../MobileCross/ios/output/MobileCross.framework/Headers",
				);
				INFOPLIST_FILE = MeDemo/Info.plist;
				LD_RUNPATH_SEARCH_PATHS = "$(inherited) @executable_path/Frameworks";
				PRODUCT_BUNDLE_IDENTIFIER = com.rex.MeDemo;
				PRODUCT_NAME = "$(TARGET_NAME)";
			};
			name = Debug;
		};
		C82E79EA1F0BA314008CD7D8 /* Release */ = {
			isa = XCBuildConfiguration;
			buildSettings = {
				ASSETCATALOG_COMPILER_APPICON_NAME = AppIcon;
				DEVELOPMENT_TEAM = TWA5QS8JFT;
				FRAMEWORK_SEARCH_PATHS = (
					"$(inherited)",
					"$(PROJECT_DIR)",
				);
				HEADER_SEARCH_PATHS = (
					"$(PROJECT_DIR)/../../sdk/ios/output/MeCloud.framework/Headers",
					"$(PROJECT_DIR)/../../MobileCross/ios/output/MobileCross.framework/Headers",
				);
				INFOPLIST_FILE = MeDemo/Info.plist;
				LD_RUNPATH_SEARCH_PATHS = "$(inherited) @executable_path/Frameworks";
				PRODUCT_BUNDLE_IDENTIFIER = com.rex.MeDemo;
				PRODUCT_NAME = "$(TARGET_NAME)";
			};
			name = Release;
		};
/* End XCBuildConfiguration section */

/* Begin XCConfigurationList section */
		C82E79CC1F0BA314008CD7D8 /* Build configuration list for PBXProject "MeDemo" */ = {
			isa = XCConfigurationList;
			buildConfigurations = (
				C82E79E61F0BA314008CD7D8 /* Debug */,
				C82E79E71F0BA314008CD7D8 /* Release */,
			);
			defaultConfigurationIsVisible = 0;
			defaultConfigurationName = Release;
		};
		C82E79E81F0BA314008CD7D8 /* Build configuration list for PBXNativeTarget "MeDemo" */ = {
			isa = XCConfigurationList;
			buildConfigurations = (
				C82E79E91F0BA314008CD7D8 /* Debug */,
				C82E79EA1F0BA314008CD7D8 /* Release */,
			);
			defaultConfigurationIsVisible = 0;
			defaultConfigurationName = Release;
		};
/* End XCConfigurationList section */
	};
	rootObject = C82E79C91F0BA314008CD7D8 /* Project object */;
}
